
Microsoft Visual Studio Solution File, Format Version 12.00
# Visual Studio Version 16
VisualStudioVersion = 16.0.29123.88
MinimumVisualStudioVersion = 10.0.40219.1
Project("{9A19103F-16F7-4668-BE54-9A1E7A4F7556}") = "ThumbnailServiceTests", "ThumbnailServiceTests\ThumbnailServiceTests.csproj", "{771D7702-28B3-48D8-9216-8EE978A49E49}"
EndProject
Project("{9A19103F-16F7-4668-BE54-9A1E7A4F7556}") = "FileUploaderService", "..\FileUploaderService\FileUploaderService.csproj", "{B0223FEF-141A-4BCC-BB99-54699F15C8DB}"
EndProject
Project("{9A19103F-16F7-4668-BE54-9A1E7A4F7556}") = "ThumbnailService", "ThumbnailService\ThumbnailService.csproj", "{6E43A31F-B771-40DA-B745-AE0AA3659F9D}"
EndProject
Global
	GlobalSection(SolutionConfigurationPlatforms) = preSolution
		Debug|Any CPU = Debug|Any CPU
		Release|Any CPU = Release|Any CPU
	EndGlobalSection
	GlobalSection(ProjectConfigurationPlatforms) = postSolution
		{771D7702-28B3-48D8-9216-8EE978A49E49}.Debug|Any CPU.ActiveCfg = Debug|Any CPU
		{771D7702-28B3-48D8-9216-8EE978A49E49}.Debug|Any CPU.Build.0 = Debug|Any CPU
		{771D7702-28B3-48D8-9216-8EE978A49E49}.Release|Any CPU.ActiveCfg = Release|Any CPU
		{771D7702-28B3-48D8-9216-8EE978A49E49}.Release|Any CPU.Build.0 = Release|Any CPU
		{B0223FEF-141A-4BCC-BB99-54699F15C8DB}.Debug|Any CPU.ActiveCfg = Debug|Any CPU
		{B0223FEF-141A-4BCC-BB99-54699F15C8DB}.Debug|Any CPU.Build.0 = Debug|Any CPU
		{B0223FEF-141A-4BCC-BB99-54699F15C8DB}.Release|Any CPU.ActiveCfg = Release|Any CPU
		{B0223FEF-141A-4BCC-BB99-54699F15C8DB}.Release|Any CPU.Build.0 = Release|Any CPU
		{6E43A31F-B771-40DA-B745-AE0AA3659F9D}.Debug|Any CPU.ActiveCfg = Debug|Any CPU
		{6E43A31F-B771-40DA-B745-AE0AA3659F9D}.Debug|Any CPU.Build.0 = Debug|Any CPU
		{6E43A31F-B771-40DA-B745-AE0AA3659F9D}.Release|Any CPU.ActiveCfg = Release|Any CPU
		{6E43A31F-B771-40DA-B745-AE0AA3659F9D}.Release|Any CPU.Build.0 = Release|Any CPU
	EndGlobalSection
	GlobalSection(SolutionProperties) = preSolution
		HideSolutionNode = FALSE
	EndGlobalSection
	GlobalSection(ExtensibilityGlobals) = postSolution
		SolutionGuid = {F031BB84-EF1B-41DA-B8D8-6FE27023D13C}
	EndGlobalSection
EndGlobal
